{
    "_readme": [
        "This file locks the dependencies of your project to a known state",
        "Read more about it at https://getcomposer.org/doc/01-basic-usage.md#installing-dependencies",
        "This file is @generated automatically"
    ],
    "content-hash": "1dd18bf3f1015c8f0cabbb4d18bb6680",
    "packages": [
        {
            "name": "websyspro/common",
            "version": "dev-master",
            "source": {
                "type": "git",
                "url": "https://github.com/websyspro/common.git",
                "reference": "f399c87620c97b9468263f03655dcd6dd4bf9a86"
            },
            "dist": {
                "type": "zip",
                "url": "https://api.github.com/repos/websyspro/common/zipball/f399c87620c97b9468263f03655dcd6dd4bf9a86",
                "reference": "f399c87620c97b9468263f03655dcd6dd4bf9a86",
                "shasum": ""
            },
            "default-branch": true,
            "type": "library",
            "autoload": {
                "psr-4": {
                    "Websyspro\\Common\\": "src/"
                }
            },
            "notification-url": "https://packagist.org/downloads/",
            "authors": [
                {
                    "name": "websyspro",
                    "email": "cpd.emersontsa@gmail.com"
                }
            ],
            "description": "Feature Set",
            "support": {
                "issues": "https://github.com/websyspro/common/issues",
                "source": "https://github.com/websyspro/common/tree/master"
            },
            "time": "2024-08-31T19:08:33+00:00"
        },
        {
            "name": "websyspro/entity",
            "version": "dev-master",
            "source": {
                "type": "git",
                "url": "https://github.com/websyspro/entity.git",
                "reference": "da63590ed383c2278567973df78aff81a615beff"
            },
            "dist": {
                "type": "zip",
                "url": "https://api.github.com/repos/websyspro/entity/zipball/da63590ed383c2278567973df78aff81a615beff",
                "reference": "da63590ed383c2278567973df78aff81a615beff",
                "shasum": ""
            },
            "require": {
                "websyspro/common": "dev-master"
            },
            "default-branch": true,
            "type": "library",
            "autoload": {
                "psr-4": {
                    "Websyspro\\Entity\\": "src/"
                }
            },
            "notification-url": "https://packagist.org/downloads/",
            "authors": [
                {
                    "name": "websyspro",
                    "email": "cpd.emersontsa@gmail.com"
                }
            ],
            "description": "Set of features for database management",
            "support": {
                "issues": "https://github.com/websyspro/entity/issues",
                "source": "https://github.com/websyspro/entity/tree/master"
            },
            "time": "2024-08-31T19:45:49+00:00"
        },
        {
            "name": "websyspro/reflect",
            "version": "dev-master",
            "source": {
                "type": "git",
                "url": "https://github.com/websyspro/reflect.git",
                "reference": "5f9485c9e6eb612806e14c2af5eba85690bfa1db"
            },
            "dist": {
                "type": "zip",
                "url": "https://api.github.com/repos/websyspro/reflect/zipball/5f9485c9e6eb612806e14c2af5eba85690bfa1db",
                "reference": "5f9485c9e6eb612806e14c2af5eba85690bfa1db",
                "shasum": ""
            },
            "require": {
                "websyspro/common": "dev-master"
            },
            "default-branch": true,
            "type": "library",
            "autoload": {
                "psr-4": {
                    "Websyspro\\Reflect\\": "src/"
                }
            },
            "notification-url": "https://packagist.org/downloads/",
            "authors": [
                {
                    "name": "websyspro",
                    "email": "cpd.emersontsa@gmail.com"
                }
            ],
            "description": "Feature for Reflect Mapper Methods",
            "support": {
                "issues": "https://github.com/websyspro/reflect/issues",
                "source": "https://github.com/websyspro/reflect/tree/master"
            },
            "time": "2024-08-31T20:07:30+00:00"
        }
    ],
    "packages-dev": [],
    "aliases": [],
    "minimum-stability": "stable",
    "stability-flags": {
        "websyspro/common": 20,
        "websyspro/reflect": 20,
        "websyspro/entity": 20
    },
    "prefer-stable": false,
    "prefer-lowest": false,
    "platform": [],
    "platform-dev": [],
    "plugin-api-version": "2.6.0"
}
