{
    "_readme": [
        "This file locks the dependencies of your project to a known state",
        "Read more about it at https://getcomposer.org/doc/01-basic-usage.md#installing-dependencies",
        "This file is @generated automatically"
    ],
    "content-hash": "54153ecd243e502eede7b5bcceab5ea7",
    "packages": [
        {
            "name": "websyspro/connection",
            "version": "1.0.7",
            "source": {
                "type": "git",
                "url": "https://github.com/websyspro/connection.git",
                "reference": "a0b1c1bcdc35f0dfaa7e511d635e8c3e24d92582"
            },
            "dist": {
                "type": "zip",
                "url": "https://api.github.com/repos/websyspro/connection/zipball/a0b1c1bcdc35f0dfaa7e511d635e8c3e24d92582",
                "reference": "a0b1c1bcdc35f0dfaa7e511d635e8c3e24d92582",
                "shasum": ""
            },
            "require": {
                "websyspro/package": "^1.0",
                "websyspro/utils": "^1.0"
            },
            "type": "library",
            "autoload": {
                "psr-4": {
                    "Websyspro\\Connection\\": "src/"
                }
            },
            "notification-url": "https://packagist.org/downloads/",
            "license": [
                "MIT"
            ],
            "authors": [
                {
                    "name": "websyspro",
                    "email": "websyspro.services@gmail.com"
                }
            ],
            "description": "Connection to MySQL, PostgreSQL, and SQL Server databases",
            "support": {
                "issues": "https://github.com/websyspro/connection/issues",
                "source": "https://github.com/websyspro/connection/tree/1.0.7"
            },
            "time": "2026-09-19T14:45:43+00:00"
        },
        {
            "name": "websyspro/package",
            "version": "1.0.85",
            "source": {
                "type": "git",
                "url": "https://github.com/websyspro/package.git",
                "reference": "a1e58ae212aac2ac6432aa8c1341240b321ce893"
            },
            "dist": {
                "type": "zip",
                "url": "https://api.github.com/repos/websyspro/package/zipball/a1e58ae212aac2ac6432aa8c1341240b321ce893",
                "reference": "a1e58ae212aac2ac6432aa8c1341240b321ce893",
                "shasum": ""
            },
            "bin": [
                "bin/publish"
            ],
            "type": "library",
            "autoload": {
                "psr-4": {
                    "Websyspro\\Package\\": "src/"
                }
            },
            "notification-url": "https://packagist.org/downloads/",
            "license": [
                "MIT"
            ],
            "authors": [
                {
                    "name": "websyspro",
                    "email": "websyspro.services@gmail.com"
                }
            ],
            "description": "Version Management",
            "support": {
                "issues": "https://github.com/websyspro/package/issues",
                "source": "https://github.com/websyspro/package/tree/1.0.85"
            },
            "time": "2026-09-25T20:10:44+00:00"
        },
        {
            "name": "websyspro/utils",
            "version": "1.0.14",
            "source": {
                "type": "git",
                "url": "https://github.com/websyspro/utils.git",
                "reference": "5ef71c076bd7cad021a928eef79fb854b7e3f858"
            },
            "dist": {
                "type": "zip",
                "url": "https://api.github.com/repos/websyspro/utils/zipball/5ef71c076bd7cad021a928eef79fb854b7e3f858",
                "reference": "5ef71c076bd7cad021a928eef79fb854b7e3f858",
                "shasum": ""
            },
            "require": {
                "websyspro/package": "^1.0"
            },
            "type": "library",
            "autoload": {
                "psr-4": {
                    "Websyspro\\Utils\\": "src/"
                }
            },
            "notification-url": "https://packagist.org/downloads/",
            "license": [
                "MIT"
            ],
            "authors": [
                {
                    "name": "websyspro",
                    "email": "websyspro.services@gmail.com"
                }
            ],
            "description": "Set of features for front-end and back-end development",
            "support": {
                "issues": "https://github.com/websyspro/utils/issues",
                "source": "https://github.com/websyspro/utils/tree/1.0.14"
            },
            "time": "2026-09-25T20:11:56+00:00"
        }
    ],
    "packages-dev": [],
    "aliases": [],
    "minimum-stability": "dev",
    "stability-flags": {},
    "prefer-stable": true,
    "prefer-lowest": false,
    "platform": {},
    "platform-dev": {},
    "plugin-api-version": "2.9.0"
}
